// !$*UTF8*$!
{
	archiveVersion = 1;
	classes = {
	};
	objectVersion = 46;
	objects = {

/* Begin PBXBuildFile section */
		4F9C4CFE1F7B461F00A30EDF /* LJStringViewController.swift in Sources */ = {isa = PBXBuildFile; fileRef = 4F9C4CFD1F7B461F00A30EDF /* LJStringViewController.swift */; };
		4FA3D32B1F70C7FB00DBA73E /* LJTool+UIColorExtension.swift in Sources */ = {isa = PBXBuildFile; fileRef = 4FA3D32A1F70C7FB00DBA73E /* LJTool+UIColorExtension.swift */; };
		4FA3D3311F70E89D00DBA73E /* LJTableViewCell.swift in Sources */ = {isa = PBXBuildFile; fileRef = 4FA3D3301F70E89D00DBA73E /* LJTableViewCell.swift */; };
		4FA3D3341F70E8FA00DBA73E /* LJCollectionViewCell.swift in Sources */ = {isa = PBXBuildFile; fileRef = 4FA3D3331F70E8FA00DBA73E /* LJCollectionViewCell.swift */; };
		4FA3D3371F70EDF900DBA73E /* LJColorViewController.swift in Sources */ = {isa = PBXBuildFile; fileRef = 4FA3D3361F70EDF900DBA73E /* LJColorViewController.swift */; };
		4FA3D33A1F70F9C500DBA73E /* LJButtonViewController.swift in Sources */ = {isa = PBXBuildFile; fileRef = 4FA3D3391F70F9C500DBA73E /* LJButtonViewController.swift */; };
		4FA8156B1F131FCB00716B85 /* AppDelegate.swift in Sources */ = {isa = PBXBuildFile; fileRef = 4FA8156A1F131FCB00716B85 /* AppDelegate.swift */; };
		4FA8156D1F131FCB00716B85 /* ViewController.swift in Sources */ = {isa = PBXBuildFile; fileRef = 4FA8156C1F131FCB00716B85 /* ViewController.swift */; };
		4FA815701F131FCB00716B85 /* Main.storyboard in Resources */ = {isa = PBXBuildFile; fileRef = 4FA8156E1F131FCB00716B85 /* Main.storyboard */; };
		4FA815721F131FCB00716B85 /* Assets.xcassets in Resources */ = {isa = PBXBuildFile; fileRef = 4FA815711F131FCB00716B85 /* Assets.xcassets */; };
		4FA815751F131FCB00716B85 /* LaunchScreen.storyboard in Resources */ = {isa = PBXBuildFile; fileRef = 4FA815731F131FCB00716B85 /* LaunchScreen.storyboard */; };
		4FA815801F131FCB00716B85 /* LJToolDemoTests.swift in Sources */ = {isa = PBXBuildFile; fileRef = 4FA8157F1F131FCB00716B85 /* LJToolDemoTests.swift */; };
		4FA8158B1F131FCB00716B85 /* LJToolDemoUITests.swift in Sources */ = {isa = PBXBuildFile; fileRef = 4FA8158A1F131FCB00716B85 /* LJToolDemoUITests.swift */; };
		4FA815B21F13506200716B85 /* LJTool.framework in Frameworks */ = {isa = PBXBuildFile; fileRef = 4FA815AF1F134FD600716B85 /* LJTool.framework */; };
		4FA815B31F13506200716B85 /* LJTool.framework in Embed Frameworks */ = {isa = PBXBuildFile; fileRef = 4FA815AF1F134FD600716B85 /* LJTool.framework */; settings = {ATTRIBUTES = (CodeSignOnCopy, RemoveHeadersOnCopy, ); }; };
		4FB500D31F1753C100E92CC4 /* LJTool+UICreateViewController.swift in Sources */ = {isa = PBXBuildFile; fileRef = 4FB500D21F1753C100E92CC4 /* LJTool+UICreateViewController.swift */; };
		4FB500D61F175E2100E92CC4 /* LJTool+ImageViewController.swift in Sources */ = {isa = PBXBuildFile; fileRef = 4FB500D51F175E2100E92CC4 /* LJTool+ImageViewController.swift */; };
		59305D2A240A68110021CB91 /* LJStyleViewController.swift in Sources */ = {isa = PBXBuildFile; fileRef = 59305D29240A68110021CB91 /* LJStyleViewController.swift */; };
		5A83D49FC1B5031543D5FC5E /* Pods_LJToolDemoUITests.framework in Frameworks */ = {isa = PBXBuildFile; fileRef = 6E9CD8738281491C454FE8DC /* Pods_LJToolDemoUITests.framework */; };
		78BA247563830CBFF284ED4A /* Pods_LJToolDemo.framework in Frameworks */ = {isa = PBXBuildFile; fileRef = 23F337EC76F8573C1018F058 /* Pods_LJToolDemo.framework */; };
		94F2FB1205E931AB27E55640 /* Pods_LJToolDemoTests.framework in Frameworks */ = {isa = PBXBuildFile; fileRef = EBA6180CD1EA18F9A6174276 /* Pods_LJToolDemoTests.framework */; };
/* End PBXBuildFile section */

/* Begin PBXContainerItemProxy section */
		4FA8157C1F131FCB00716B85 /* PBXContainerItemProxy */ = {
			isa = PBXContainerItemProxy;
			containerPortal = 4FA8155F1F131FCB00716B85 /* Project object */;
			proxyType = 1;
			remoteGlobalIDString = 4FA815661F131FCB00716B85;
			remoteInfo = LJToolDemo;
		};
		4FA815871F131FCB00716B85 /* PBXContainerItemProxy */ = {
			isa = PBXContainerItemProxy;
			containerPortal = 4FA8155F1F131FCB00716B85 /* Project object */;
			proxyType = 1;
			remoteGlobalIDString = 4FA815661F131FCB00716B85;
			remoteInfo = LJToolDemo;
		};
		4FA815AE1F134FD600716B85 /* PBXContainerItemProxy */ = {
			isa = PBXContainerItemProxy;
			containerPortal = 4FA815A91F134FD500716B85 /* LJTool.xcodeproj */;
			proxyType = 2;
			remoteGlobalIDString = 4FA815401F131E2A00716B85;
			remoteInfo = LJTool;
		};
		4FA815B01F134FD600716B85 /* PBXContainerItemProxy */ = {
			isa = PBXContainerItemProxy;
			containerPortal = 4FA815A91F134FD500716B85 /* LJTool.xcodeproj */;
			proxyType = 2;
			remoteGlobalIDString = 4FA815491F131E2B00716B85;
			remoteInfo = LJToolTests;
		};
		4FA815B41F13506200716B85 /* PBXContainerItemProxy */ = {
			isa = PBXContainerItemProxy;
			containerPortal = 4FA815A91F134FD500716B85 /* LJTool.xcodeproj */;
			proxyType = 1;
			remoteGlobalIDString = 4FA8153F1F131E2A00716B85;
			remoteInfo = LJTool;
		};
/* End PBXContainerItemProxy section */

/* Begin PBXCopyFilesBuildPhase section */
		4FA815A81F1321B700716B85 /* Embed Frameworks */ = {
			isa = PBXCopyFilesBuildPhase;
			buildActionMask = 2147483647;
			dstPath = "";
			dstSubfolderSpec = 10;
			files = (
				4FA815B31F13506200716B85 /* LJTool.framework in Embed Frameworks */,
			);
			name = "Embed Frameworks";
			runOnlyForDeploymentPostprocessing = 0;
		};
/* End PBXCopyFilesBuildPhase section */

/* Begin PBXFileReference section */
		23F337EC76F8573C1018F058 /* Pods_LJToolDemo.framework */ = {isa = PBXFileReference; explicitFileType = wrapper.framework; includeInIndex = 0; path = Pods_LJToolDemo.framework; sourceTree = BUILT_PRODUCTS_DIR; };
		4F9C4CFD1F7B461F00A30EDF /* LJStringViewController.swift */ = {isa = PBXFileReference; lastKnownFileType = sourcecode.swift; path = LJStringViewController.swift; sourceTree = "<group>"; };
		4FA3D32A1F70C7FB00DBA73E /* LJTool+UIColorExtension.swift */ = {isa = PBXFileReference; fileEncoding = 4; lastKnownFileType = sourcecode.swift; path = "LJTool+UIColorExtension.swift"; sourceTree = "<group>"; };
		4FA3D3301F70E89D00DBA73E /* LJTableViewCell.swift */ = {isa = PBXFileReference; fileEncoding = 4; lastKnownFileType = sourcecode.swift; path = LJTableViewCell.swift; sourceTree = "<group>"; };
		4FA3D3331F70E8FA00DBA73E /* LJCollectionViewCell.swift */ = {isa = PBXFileReference; fileEncoding = 4; lastKnownFileType = sourcecode.swift; path = LJCollectionViewCell.swift; sourceTree = "<group>"; };
		4FA3D3361F70EDF900DBA73E /* LJColorViewController.swift */ = {isa = PBXFileReference; fileEncoding = 4; lastKnownFileType = sourcecode.swift; path = LJColorViewController.swift; sourceTree = "<group>"; };
		4FA3D3391F70F9C500DBA73E /* LJButtonViewController.swift */ = {isa = PBXFileReference; fileEncoding = 4; lastKnownFileType = sourcecode.swift; path = LJButtonViewController.swift; sourceTree = "<group>"; };
		4FA815671F131FCB00716B85 /* LJToolDemo.app */ = {isa = PBXFileReference; explicitFileType = wrapper.application; includeInIndex = 0; path = LJToolDemo.app; sourceTree = BUILT_PRODUCTS_DIR; };
		4FA8156A1F131FCB00716B85 /* AppDelegate.swift */ = {isa = PBXFileReference; lastKnownFileType = sourcecode.swift; path = AppDelegate.swift; sourceTree = "<group>"; };
		4FA8156C1F131FCB00716B85 /* ViewController.swift */ = {isa = PBXFileReference; lastKnownFileType = sourcecode.swift; path = ViewController.swift; sourceTree = "<group>"; };
		4FA8156F1F131FCB00716B85 /* Base */ = {isa = PBXFileReference; lastKnownFileType = file.storyboard; name = Base; path = Base.lproj/Main.storyboard; sourceTree = "<group>"; };
		4FA815711F131FCB00716B85 /* Assets.xcassets */ = {isa = PBXFileReference; lastKnownFileType = folder.assetcatalog; path = Assets.xcassets; sourceTree = "<group>"; };
		4FA815741F131FCB00716B85 /* Base */ = {isa = PBXFileReference; lastKnownFileType = file.storyboard; name = Base; path = Base.lproj/LaunchScreen.storyboard; sourceTree = "<group>"; };
		4FA815761F131FCB00716B85 /* Info.plist */ = {isa = PBXFileReference; lastKnownFileType = text.plist.xml; path = Info.plist; sourceTree = "<group>"; };
		4FA8157B1F131FCB00716B85 /* LJToolDemoTests.xctest */ = {isa = PBXFileReference; explicitFileType = wrapper.cfbundle; includeInIndex = 0; path = LJToolDemoTests.xctest; sourceTree = BUILT_PRODUCTS_DIR; };
		4FA8157F1F131FCB00716B85 /* LJToolDemoTests.swift */ = {isa = PBXFileReference; lastKnownFileType = sourcecode.swift; path = LJToolDemoTests.swift; sourceTree = "<group>"; };
		4FA815811F131FCB00716B85 /* Info.plist */ = {isa = PBXFileReference; lastKnownFileType = text.plist.xml; path = Info.plist; sourceTree = "<group>"; };
		4FA815861F131FCB00716B85 /* LJToolDemoUITests.xctest */ = {isa = PBXFileReference; explicitFileType = wrapper.cfbundle; includeInIndex = 0; path = LJToolDemoUITests.xctest; sourceTree = BUILT_PRODUCTS_DIR; };
		4FA8158A1F131FCB00716B85 /* LJToolDemoUITests.swift */ = {isa = PBXFileReference; lastKnownFileType = sourcecode.swift; path = LJToolDemoUITests.swift; sourceTree = "<group>"; };
		4FA8158C1F131FCC00716B85 /* Info.plist */ = {isa = PBXFileReference; lastKnownFileType = text.plist.xml; path = Info.plist; sourceTree = "<group>"; };
		4FA815A91F134FD500716B85 /* LJTool.xcodeproj */ = {isa = PBXFileReference; lastKnownFileType = "wrapper.pb-project"; name = LJTool.xcodeproj; path = ../LJTool.xcodeproj; sourceTree = "<group>"; };
		4FB500D21F1753C100E92CC4 /* LJTool+UICreateViewController.swift */ = {isa = PBXFileReference; fileEncoding = 4; lastKnownFileType = sourcecode.swift; path = "LJTool+UICreateViewController.swift"; sourceTree = "<group>"; };
		4FB500D51F175E2100E92CC4 /* LJTool+ImageViewController.swift */ = {isa = PBXFileReference; fileEncoding = 4; lastKnownFileType = sourcecode.swift; path = "LJTool+ImageViewController.swift"; sourceTree = "<group>"; };
		59305D29240A68110021CB91 /* LJStyleViewController.swift */ = {isa = PBXFileReference; lastKnownFileType = sourcecode.swift; path = LJStyleViewController.swift; sourceTree = "<group>"; };
		6E9CD8738281491C454FE8DC /* Pods_LJToolDemoUITests.framework */ = {isa = PBXFileReference; explicitFileType = wrapper.framework; includeInIndex = 0; path = Pods_LJToolDemoUITests.framework; sourceTree = BUILT_PRODUCTS_DIR; };
		7D7EF42B0260A9EA2C42125F /* Pods-LJToolDemo.release.xcconfig */ = {isa = PBXFileReference; includeInIndex = 1; lastKnownFileType = text.xcconfig; name = "Pods-LJToolDemo.release.xcconfig"; path = "Pods/Target Support Files/Pods-LJToolDemo/Pods-LJToolDemo.release.xcconfig"; sourceTree = "<group>"; };
		7E0F089F0E7D9D53C1850DAB /* Pods-LJToolDemoUITests.release.xcconfig */ = {isa = PBXFileReference; includeInIndex = 1; lastKnownFileType = text.xcconfig; name = "Pods-LJToolDemoUITests.release.xcconfig"; path = "Pods/Target Support Files/Pods-LJToolDemoUITests/Pods-LJToolDemoUITests.release.xcconfig"; sourceTree = "<group>"; };
		87CB6F50A498E99310CA9D17 /* Pods-LJToolDemoTests.release.xcconfig */ = {isa = PBXFileReference; includeInIndex = 1; lastKnownFileType = text.xcconfig; name = "Pods-LJToolDemoTests.release.xcconfig"; path = "Pods/Target Support Files/Pods-LJToolDemoTests/Pods-LJToolDemoTests.release.xcconfig"; sourceTree = "<group>"; };
		9C47AF1310840CCEBED88528 /* Pods-LJToolDemoUITests.debug.xcconfig */ = {isa = PBXFileReference; includeInIndex = 1; lastKnownFileType = text.xcconfig; name = "Pods-LJToolDemoUITests.debug.xcconfig"; path = "Pods/Target Support Files/Pods-LJToolDemoUITests/Pods-LJToolDemoUITests.debug.xcconfig"; sourceTree = "<group>"; };
		A22D0C77BA88AB94950A3789 /* Pods-LJToolDemo.debug.xcconfig */ = {isa = PBXFileReference; includeInIndex = 1; lastKnownFileType = text.xcconfig; name = "Pods-LJToolDemo.debug.xcconfig"; path = "Pods/Target Support Files/Pods-LJToolDemo/Pods-LJToolDemo.debug.xcconfig"; sourceTree = "<group>"; };
		CD6878D89109004B9321B581 /* Pods-LJToolDemoTests.debug.xcconfig */ = {isa = PBXFileReference; includeInIndex = 1; lastKnownFileType = text.xcconfig; name = "Pods-LJToolDemoTests.debug.xcconfig"; path = "Pods/Target Support Files/Pods-LJToolDemoTests/Pods-LJToolDemoTests.debug.xcconfig"; sourceTree = "<group>"; };
		EBA6180CD1EA18F9A6174276 /* Pods_LJToolDemoTests.framework */ = {isa = PBXFileReference; explicitFileType = wrapper.framework; includeInIndex = 0; path = Pods_LJToolDemoTests.framework; sourceTree = BUILT_PRODUCTS_DIR; };
/* End PBXFileReference section */

/* Begin PBXFrameworksBuildPhase section */
		4FA815641F131FCB00716B85 /* Frameworks */ = {
			isa = PBXFrameworksBuildPhase;
			buildActionMask = 2147483647;
			files = (
				4FA815B21F13506200716B85 /* LJTool.framework in Frameworks */,
				78BA247563830CBFF284ED4A /* Pods_LJToolDemo.framework in Frameworks */,
			);
			runOnlyForDeploymentPostprocessing = 0;
		};
		4FA815781F131FCB00716B85 /* Frameworks */ = {
			isa = PBXFrameworksBuildPhase;
			buildActionMask = 2147483647;
			files = (
				94F2FB1205E931AB27E55640 /* Pods_LJToolDemoTests.framework in Frameworks */,
			);
			runOnlyForDeploymentPostprocessing = 0;
		};
		4FA815831F131FCB00716B85 /* Frameworks */ = {
			isa = PBXFrameworksBuildPhase;
			buildActionMask = 2147483647;
			files = (
				5A83D49FC1B5031543D5FC5E /* Pods_LJToolDemoUITests.framework in Frameworks */,
			);
			runOnlyForDeploymentPostprocessing = 0;
		};
/* End PBXFrameworksBuildPhase section */

/* Begin PBXGroup section */
		339BF825C29FB44F966B88B4 /* Pods */ = {
			isa = PBXGroup;
			children = (
				A22D0C77BA88AB94950A3789 /* Pods-LJToolDemo.debug.xcconfig */,
				7D7EF42B0260A9EA2C42125F /* Pods-LJToolDemo.release.xcconfig */,
				CD6878D89109004B9321B581 /* Pods-LJToolDemoTests.debug.xcconfig */,
				87CB6F50A498E99310CA9D17 /* Pods-LJToolDemoTests.release.xcconfig */,
				9C47AF1310840CCEBED88528 /* Pods-LJToolDemoUITests.debug.xcconfig */,
				7E0F089F0E7D9D53C1850DAB /* Pods-LJToolDemoUITests.release.xcconfig */,
			);
			name = Pods;
			sourceTree = "<group>";
		};
		4F9C4CFB1F7B45F900A30EDF /* String */ = {
			isa = PBXGroup;
			children = (
				4F9C4CFD1F7B461F00A30EDF /* LJStringViewController.swift */,
			);
			name = String;
			sourceTree = "<group>";
		};
		4FA3D3291F70C7FB00DBA73E /* Extension */ = {
			isa = PBXGroup;
			children = (
				4FA3D32A1F70C7FB00DBA73E /* LJTool+UIColorExtension.swift */,
			);
			name = Extension;
			path = LJToolDemo/Extension;
			sourceTree = "<group>";
		};
		4FA3D32C1F70C84700DBA73E /* UICreate */ = {
			isa = PBXGroup;
			children = (
				4FB500D21F1753C100E92CC4 /* LJTool+UICreateViewController.swift */,
				4FA3D3301F70E89D00DBA73E /* LJTableViewCell.swift */,
				4FA3D3331F70E8FA00DBA73E /* LJCollectionViewCell.swift */,
			);
			name = UICreate;
			sourceTree = "<group>";
		};
		4FA3D32D1F70C85400DBA73E /* Image */ = {
			isa = PBXGroup;
			children = (
				4FB500D51F175E2100E92CC4 /* LJTool+ImageViewController.swift */,
			);
			name = Image;
			sourceTree = "<group>";
		};
		4FA3D3351F70EDE100DBA73E /* Color */ = {
			isa = PBXGroup;
			children = (
				4FA3D3361F70EDF900DBA73E /* LJColorViewController.swift */,
				59305D29240A68110021CB91 /* LJStyleViewController.swift */,
			);
			name = Color;
			sourceTree = "<group>";
		};
		4FA3D3381F70F9A300DBA73E /* UIButton */ = {
			isa = PBXGroup;
			children = (
				4FA3D3391F70F9C500DBA73E /* LJButtonViewController.swift */,
			);
			name = UIButton;
			sourceTree = "<group>";
		};
		4FA8155E1F131FCB00716B85 = {
			isa = PBXGroup;
			children = (
				4FA3D3291F70C7FB00DBA73E /* Extension */,
				4FA815691F131FCB00716B85 /* LJToolDemo */,
				4FA8157E1F131FCB00716B85 /* LJToolDemoTests */,
				4FA815891F131FCB00716B85 /* LJToolDemoUITests */,
				4FA815681F131FCB00716B85 /* Products */,
				4FA815A91F134FD500716B85 /* LJTool.xcodeproj */,
				339BF825C29FB44F966B88B4 /* Pods */,
				BB4D2859F3E4FE93DC82E13E /* Frameworks */,
			);
			sourceTree = "<group>";
		};
		4FA815681F131FCB00716B85 /* Products */ = {
			isa = PBXGroup;
			children = (
				4FA815671F131FCB00716B85 /* LJToolDemo.app */,
				4FA8157B1F131FCB00716B85 /* LJToolDemoTests.xctest */,
				4FA815861F131FCB00716B85 /* LJToolDemoUITests.xctest */,
			);
			name = Products;
			sourceTree = "<group>";
		};
		4FA815691F131FCB00716B85 /* LJToolDemo */ = {
			isa = PBXGroup;
			children = (
				4FA8156C1F131FCB00716B85 /* ViewController.swift */,
				4FA3D3351F70EDE100DBA73E /* Color */,
				4FA3D32D1F70C85400DBA73E /* Image */,
				4FA3D32C1F70C84700DBA73E /* UICreate */,
				4FA3D3381F70F9A300DBA73E /* UIButton */,
				4F9C4CFB1F7B45F900A30EDF /* String */,
				4FA8156A1F131FCB00716B85 /* AppDelegate.swift */,
				4FA8156E1F131FCB00716B85 /* Main.storyboard */,
				4FA815711F131FCB00716B85 /* Assets.xcassets */,
				4FA815731F131FCB00716B85 /* LaunchScreen.storyboard */,
				4FA815761F131FCB00716B85 /* Info.plist */,
			);
			path = LJToolDemo;
			sourceTree = "<group>";
		};
		4FA8157E1F131FCB00716B85 /* LJToolDemoTests */ = {
			isa = PBXGroup;
			children = (
				4FA8157F1F131FCB00716B85 /* LJToolDemoTests.swift */,
				4FA815811F131FCB00716B85 /* Info.plist */,
			);
			path = LJToolDemoTests;
			sourceTree = "<group>";
		};
		4FA815891F131FCB00716B85 /* LJToolDemoUITests */ = {
			isa = PBXGroup;
			children = (
				4FA8158A1F131FCB00716B85 /* LJToolDemoUITests.swift */,
				4FA8158C1F131FCC00716B85 /* Info.plist */,
			);
			path = LJToolDemoUITests;
			sourceTree = "<group>";
		};
		4FA815AA1F134FD500716B85 /* Products */ = {
			isa = PBXGroup;
			children = (
				4FA815AF1F134FD600716B85 /* LJTool.framework */,
				4FA815B11F134FD600716B85 /* LJToolTests.xctest */,
			);
			name = Products;
			sourceTree = "<group>";
		};
		BB4D2859F3E4FE93DC82E13E /* Frameworks */ = {
			isa = PBXGroup;
			children = (
				23F337EC76F8573C1018F058 /* Pods_LJToolDemo.framework */,
				EBA6180CD1EA18F9A6174276 /* Pods_LJToolDemoTests.framework */,
				6E9CD8738281491C454FE8DC /* Pods_LJToolDemoUITests.framework */,
			);
			name = Frameworks;
			sourceTree = "<group>";
		};
/* End PBXGroup section */

/* Begin PBXNativeTarget section */
		4FA815661F131FCB00716B85 /* LJToolDemo */ = {
			isa = PBXNativeTarget;
			buildConfigurationList = 4FA8158F1F131FCC00716B85 /* Build configuration list for PBXNativeTarget "LJToolDemo" */;
			buildPhases = (
				248AE7896FDC49FEC64A55F3 /* [CP] Check Pods Manifest.lock */,
				4FA815631F131FCB00716B85 /* Sources */,
				4FA815641F131FCB00716B85 /* Frameworks */,
				4FA815651F131FCB00716B85 /* Resources */,
				4FA815A81F1321B700716B85 /* Embed Frameworks */,
				5EF4A13F3BD439DCF17F79FF /* [CP] Embed Pods Frameworks */,
			);
			buildRules = (
			);
			dependencies = (
				4FA815B51F13506200716B85 /* PBXTargetDependency */,
			);
			name = LJToolDemo;
			productName = LJToolDemo;
			productReference = 4FA815671F131FCB00716B85 /* LJToolDemo.app */;
			productType = "com.apple.product-type.application";
		};
		4FA8157A1F131FCB00716B85 /* LJToolDemoTests */ = {
			isa = PBXNativeTarget;
			buildConfigurationList = 4FA815921F131FCC00716B85 /* Build configuration list for PBXNativeTarget "LJToolDemoTests" */;
			buildPhases = (
				284D56F9BD8C61533D7ACC52 /* [CP] Check Pods Manifest.lock */,
				4FA815771F131FCB00716B85 /* Sources */,
				4FA815781F131FCB00716B85 /* Frameworks */,
				4FA815791F131FCB00716B85 /* Resources */,
			);
			buildRules = (
			);
			dependencies = (
				4FA8157D1F131FCB00716B85 /* PBXTargetDependency */,
			);
			name = LJToolDemoTests;
			productName = LJToolDemoTests;
			productReference = 4FA8157B1F131FCB00716B85 /* LJToolDemoTests.xctest */;
			productType = "com.apple.product-type.bundle.unit-test";
		};
		4FA815851F131FCB00716B85 /* LJToolDemoUITests */ = {
			isa = PBXNativeTarget;
			buildConfigurationList = 4FA815951F131FCC00716B85 /* Build configuration list for PBXNativeTarget "LJToolDemoUITests" */;
			buildPhases = (
				0AF3942A8D9E0F0B2049D686 /* [CP] Check Pods Manifest.lock */,
				4FA815821F131FCB00716B85 /* Sources */,
				4FA815831F131FCB00716B85 /* Frameworks */,
				4FA815841F131FCB00716B85 /* Resources */,
			);
			buildRules = (
			);
			dependencies = (
				4FA815881F131FCB00716B85 /* PBXTargetDependency */,
			);
			name = LJToolDemoUITests;
			productName = LJToolDemoUITests;
			productReference = 4FA815861F131FCB00716B85 /* LJToolDemoUITests.xctest */;
			productType = "com.apple.product-type.bundle.ui-testing";
		};
/* End PBXNativeTarget section */

/* Begin PBXProject section */
		4FA8155F1F131FCB00716B85 /* Project object */ = {
			isa = PBXProject;
			attributes = {
				LastSwiftUpdateCheck = 0830;
				LastUpgradeCheck = 1130;
				ORGANIZATIONNAME = ljcoder;
				TargetAttributes = {
					4FA815661F131FCB00716B85 = {
						CreatedOnToolsVersion = 8.3.1;
						DevelopmentTeam = 5375HS528S;
						ProvisioningStyle = Automatic;
					};
					4FA8157A1F131FCB00716B85 = {
						CreatedOnToolsVersion = 8.3.1;
						DevelopmentTeam = 5375HS528S;
						ProvisioningStyle = Automatic;
						TestTargetID = 4FA815661F131FCB00716B85;
					};
					4FA815851F131FCB00716B85 = {
						CreatedOnToolsVersion = 8.3.1;
						DevelopmentTeam = 5375HS528S;
						ProvisioningStyle = Automatic;
						TestTargetID = 4FA815661F131FCB00716B85;
					};
				};
			};
			buildConfigurationList = 4FA815621F131FCB00716B85 /* Build configuration list for PBXProject "LJToolDemo" */;
			compatibilityVersion = "Xcode 3.2";
			developmentRegion = English;
			hasScannedForEncodings = 0;
			knownRegions = (
				English,
				en,
				Base,
			);
			mainGroup = 4FA8155E1F131FCB00716B85;
			productRefGroup = 4FA815681F131FCB00716B85 /* Products */;
			projectDirPath = "";
			projectReferences = (
				{
					ProductGroup = 4FA815AA1F134FD500716B85 /* Products */;
					ProjectRef = 4FA815A91F134FD500716B85 /* LJTool.xcodeproj */;
				},
			);
			projectRoot = "";
			targets = (
				4FA815661F131FCB00716B85 /* LJToolDemo */,
				4FA8157A1F131FCB00716B85 /* LJToolDemoTests */,
				4FA815851F131FCB00716B85 /* LJToolDemoUITests */,
			);
		};
/* End PBXProject section */

/* Begin PBXReferenceProxy section */
		4FA815AF1F134FD600716B85 /* LJTool.framework */ = {
			isa = PBXReferenceProxy;
			fileType = wrapper.framework;
			path = LJTool.framework;
			remoteRef = 4FA815AE1F134FD600716B85 /* PBXContainerItemProxy */;
			sourceTree = BUILT_PRODUCTS_DIR;
		};
		4FA815B11F134FD600716B85 /* LJToolTests.xctest */ = {
			isa = PBXReferenceProxy;
			fileType = wrapper.cfbundle;
			path = LJToolTests.xctest;
			remoteRef = 4FA815B01F134FD600716B85 /* PBXContainerItemProxy */;
			sourceTree = BUILT_PRODUCTS_DIR;
		};
/* End PBXReferenceProxy section */

/* Begin PBXResourcesBuildPhase section */
		4FA815651F131FCB00716B85 /* Resources */ = {
			isa = PBXResourcesBuildPhase;
			buildActionMask = 2147483647;
			files = (
				4FA815751F131FCB00716B85 /* LaunchScreen.storyboard in Resources */,
				4FA815721F131FCB00716B85 /* Assets.xcassets in Resources */,
				4FA815701F131FCB00716B85 /* Main.storyboard in Resources */,
			);
			runOnlyForDeploymentPostprocessing = 0;
		};
		4FA815791F131FCB00716B85 /* Resources */ = {
			isa = PBXResourcesBuildPhase;
			buildActionMask = 2147483647;
			files = (
			);
			runOnlyForDeploymentPostprocessing = 0;
		};
		4FA815841F131FCB00716B85 /* Resources */ = {
			isa = PBXResourcesBuildPhase;
			buildActionMask = 2147483647;
			files = (
			);
			runOnlyForDeploymentPostprocessing = 0;
		};
/* End PBXResourcesBuildPhase section */

/* Begin PBXShellScriptBuildPhase section */
		0AF3942A8D9E0F0B2049D686 /* [CP] Check Pods Manifest.lock */ = {
			isa = PBXShellScriptBuildPhase;
			buildActionMask = 2147483647;
			files = (
			);
			inputPaths = (
				"${PODS_PODFILE_DIR_PATH}/Podfile.lock",
				"${PODS_ROOT}/Manifest.lock",
			);
			name = "[CP] Check Pods Manifest.lock";
			outputPaths = (
				"$(DERIVED_FILE_DIR)/Pods-LJToolDemoUITests-checkManifestLockResult.txt",
			);
			runOnlyForDeploymentPostprocessing = 0;
			shellPath = /bin/sh;
			shellScript = "diff \"${PODS_PODFILE_DIR_PATH}/Podfile.lock\" \"${PODS_ROOT}/Manifest.lock\" > /dev/null\nif [ $? != 0 ] ; then\n    # print error to STDERR\n    echo \"error: The sandbox is not in sync with the Podfile.lock. Run 'pod install' or update your CocoaPods installation.\" >&2\n    exit 1\nfi\n# This output is used by Xcode 'outputs' to avoid re-running this script phase.\necho \"SUCCESS\" > \"${SCRIPT_OUTPUT_FILE_0}\"\n";
			showEnvVarsInLog = 0;
		};
		248AE7896FDC49FEC64A55F3 /* [CP] Check Pods Manifest.lock */ = {
			isa = PBXShellScriptBuildPhase;
			buildActionMask = 2147483647;
			files = (
			);
			inputPaths = (
				"${PODS_PODFILE_DIR_PATH}/Podfile.lock",
				"${PODS_ROOT}/Manifest.lock",
			);
			name = "[CP] Check Pods Manifest.lock";
			outputPaths = (
				"$(DERIVED_FILE_DIR)/Pods-LJToolDemo-checkManifestLockResult.txt",
			);
			runOnlyForDeploymentPostprocessing = 0;
			shellPath = /bin/sh;
			shellScript = "diff \"${PODS_PODFILE_DIR_PATH}/Podfile.lock\" \"${PODS_ROOT}/Manifest.lock\" > /dev/null\nif [ $? != 0 ] ; then\n    # print error to STDERR\n    echo \"error: The sandbox is not in sync with the Podfile.lock. Run 'pod install' or update your CocoaPods installation.\" >&2\n    exit 1\nfi\n# This output is used by Xcode 'outputs' to avoid re-running this script phase.\necho \"SUCCESS\" > \"${SCRIPT_OUTPUT_FILE_0}\"\n";
			showEnvVarsInLog = 0;
		};
		284D56F9BD8C61533D7ACC52 /* [CP] Check Pods Manifest.lock */ = {
			isa = PBXShellScriptBuildPhase;
			buildActionMask = 2147483647;
			files = (
			);
			inputPaths = (
				"${PODS_PODFILE_DIR_PATH}/Podfile.lock",
				"${PODS_ROOT}/Manifest.lock",
			);
			name = "[CP] Check Pods Manifest.lock";
			outputPaths = (
				"$(DERIVED_FILE_DIR)/Pods-LJToolDemoTests-checkManifestLockResult.txt",
			);
			runOnlyForDeploymentPostprocessing = 0;
			shellPath = /bin/sh;
			shellScript = "diff \"${PODS_PODFILE_DIR_PATH}/Podfile.lock\" \"${PODS_ROOT}/Manifest.lock\" > /dev/null\nif [ $? != 0 ] ; then\n    # print error to STDERR\n    echo \"error: The sandbox is not in sync with the Podfile.lock. Run 'pod install' or update your CocoaPods installation.\" >&2\n    exit 1\nfi\n# This output is used by Xcode 'outputs' to avoid re-running this script phase.\necho \"SUCCESS\" > \"${SCRIPT_OUTPUT_FILE_0}\"\n";
			showEnvVarsInLog = 0;
		};
		5EF4A13F3BD439DCF17F79FF /* [CP] Embed Pods Frameworks */ = {
			isa = PBXShellScriptBuildPhase;
			buildActionMask = 2147483647;
			files = (
			);
			inputPaths = (
				"${PODS_ROOT}/Target Support Files/Pods-LJToolDemo/Pods-LJToolDemo-frameworks.sh",
				"${BUILT_PRODUCTS_DIR}/SnapKit/SnapKit.framework",
			);
			name = "[CP] Embed Pods Frameworks";
			outputPaths = (
				"${TARGET_BUILD_DIR}/${FRAMEWORKS_FOLDER_PATH}/SnapKit.framework",
			);
			runOnlyForDeploymentPostprocessing = 0;
			shellPath = /bin/sh;
			shellScript = "\"${PODS_ROOT}/Target Support Files/Pods-LJToolDemo/Pods-LJToolDemo-frameworks.sh\"\n";
			showEnvVarsInLog = 0;
		};
/* End PBXShellScriptBuildPhase section */

/* Begin PBXSourcesBuildPhase section */
		4FA815631F131FCB00716B85 /* Sources */ = {
			isa = PBXSourcesBuildPhase;
			buildActionMask = 2147483647;
			files = (
				59305D2A240A68110021CB91 /* LJStyleViewController.swift in Sources */,
				4FB500D61F175E2100E92CC4 /* LJTool+ImageViewController.swift in Sources */,
				4FA3D3311F70E89D00DBA73E /* LJTableViewCell.swift in Sources */,
				4FA3D33A1F70F9C500DBA73E /* LJButtonViewController.swift in Sources */,
				4FA3D3371F70EDF900DBA73E /* LJColorViewController.swift in Sources */,
				4FA8156D1F131FCB00716B85 /* ViewController.swift in Sources */,
				4FA3D32B1F70C7FB00DBA73E /* LJTool+UIColorExtension.swift in Sources */,
				4FA8156B1F131FCB00716B85 /* AppDelegate.swift in Sources */,
				4F9C4CFE1F7B461F00A30EDF /* LJStringViewController.swift in Sources */,
				4FB500D31F1753C100E92CC4 /* LJTool+UICreateViewController.swift in Sources */,
				4FA3D3341F70E8FA00DBA73E /* LJCollectionViewCell.swift in Sources */,
			);
			runOnlyForDeploymentPostprocessing = 0;
		};
		4FA815771F131FCB00716B85 /* Sources */ = {
			isa = PBXSourcesBuildPhase;
			buildActionMask = 2147483647;
			files = (
				4FA815801F131FCB00716B85 /* LJToolDemoTests.swift in Sources */,
			);
			runOnlyForDeploymentPostprocessing = 0;
		};
		4FA815821F131FCB00716B85 /* Sources */ = {
			isa = PBXSourcesBuildPhase;
			buildActionMask = 2147483647;
			files = (
				4FA8158B1F131FCB00716B85 /* LJToolDemoUITests.swift in Sources */,
			);
			runOnlyForDeploymentPostprocessing = 0;
		};
/* End PBXSourcesBuildPhase section */

/* Begin PBXTargetDependency section */
		4FA8157D1F131FCB00716B85 /* PBXTargetDependency */ = {
			isa = PBXTargetDependency;
			target = 4FA815661F131FCB00716B85 /* LJToolDemo */;
			targetProxy = 4FA8157C1F131FCB00716B85 /* PBXContainerItemProxy */;
		};
		4FA815881F131FCB00716B85 /* PBXTargetDependency */ = {
			isa = PBXTargetDependency;
			target = 4FA815661F131FCB00716B85 /* LJToolDemo */;
			targetProxy = 4FA815871F131FCB00716B85 /* PBXContainerItemProxy */;
		};
		4FA815B51F13506200716B85 /* PBXTargetDependency */ = {
			isa = PBXTargetDependency;
			name = LJTool;
			targetProxy = 4FA815B41F13506200716B85 /* PBXContainerItemProxy */;
		};
/* End PBXTargetDependency section */

/* Begin PBXVariantGroup section */
		4FA8156E1F131FCB00716B85 /* Main.storyboard */ = {
			isa = PBXVariantGroup;
			children = (
				4FA8156F1F131FCB00716B85 /* Base */,
			);
			name = Main.storyboard;
			sourceTree = "<group>";
		};
		4FA815731F131FCB00716B85 /* LaunchScreen.storyboard */ = {
			isa = PBXVariantGroup;
			children = (
				4FA815741F131FCB00716B85 /* Base */,
			);
			name = LaunchScreen.storyboard;
			sourceTree = "<group>";
		};
/* End PBXVariantGroup section */

/* Begin XCBuildConfiguration section */
		4FA8158D1F131FCC00716B85 /* Debug */ = {
			isa = XCBuildConfiguration;
			buildSettings = {
				ALWAYS_SEARCH_USER_PATHS = NO;
				CLANG_ANALYZER_LOCALIZABILITY_NONLOCALIZED = YES;
				CLANG_ANALYZER_NONNULL = YES;
				CLANG_ANALYZER_NUMBER_OBJECT_CONVERSION = YES_AGGRESSIVE;
				CLANG_CXX_LANGUAGE_STANDARD = "gnu++0x";
				CLANG_CXX_LIBRARY = "libc++";
				CLANG_ENABLE_MODULES = YES;
				CLANG_ENABLE_OBJC_ARC = YES;
				CLANG_WARN_BLOCK_CAPTURE_AUTORELEASING = YES;
				CLANG_WARN_BOOL_CONVERSION = YES;
				CLANG_WARN_COMMA = YES;
				CLANG_WARN_CONSTANT_CONVERSION = YES;
				CLANG_WARN_DEPRECATED_OBJC_IMPLEMENTATIONS = YES;
				CLANG_WARN_DIRECT_OBJC_ISA_USAGE = YES_ERROR;
				CLANG_WARN_DOCUMENTATION_COMMENTS = YES;
				CLANG_WARN_EMPTY_BODY = YES;
				CLANG_WARN_ENUM_CONVERSION = YES;
				CLANG_WARN_INFINITE_RECURSION = YES;
				CLANG_WARN_INT_CONVERSION = YES;
				CLANG_WARN_NON_LITERAL_NULL_CONVERSION = YES;
				CLANG_WARN_OBJC_IMPLICIT_RETAIN_SELF = YES;
				CLANG_WARN_OBJC_LITERAL_CONVERSION = YES;
				CLANG_WARN_OBJC_ROOT_CLASS = YES_ERROR;
				CLANG_WARN_RANGE_LOOP_ANALYSIS = YES;
				CLANG_WARN_STRICT_PROTOTYPES = YES;
				CLANG_WARN_SUSPICIOUS_MOVE = YES;
				CLANG_WARN_UNREACHABLE_CODE = YES;
				CLANG_WARN__DUPLICATE_METHOD_MATCH = YES;
				"CODE_SIGN_IDENTITY[sdk=iphoneos*]" = "iPhone Developer";
				COPY_PHASE_STRIP = NO;
				DEBUG_INFORMATION_FORMAT = dwarf;
				ENABLE_STRICT_OBJC_MSGSEND = YES;
				ENABLE_TESTABILITY = YES;
				GCC_C_LANGUAGE_STANDARD = gnu99;
				GCC_DYNAMIC_NO_PIC = NO;
				GCC_NO_COMMON_BLOCKS = YES;
				GCC_OPTIMIZATION_LEVEL = 0;
				GCC_PREPROCESSOR_DEFINITIONS = (
					"DEBUG=1",
					"$(inherited)",
				);
				GCC_WARN_64_TO_32_BIT_CONVERSION = YES;
				GCC_WARN_ABOUT_RETURN_TYPE = YES_ERROR;
				GCC_WARN_UNDECLARED_SELECTOR = YES;
				GCC_WARN_UNINITIALIZED_AUTOS = YES_AGGRESSIVE;
				GCC_WARN_UNUSED_FUNCTION = YES;
				GCC_WARN_UNUSED_VARIABLE = YES;
				IPHONEOS_DEPLOYMENT_TARGET = 10.3;
				MTL_ENABLE_DEBUG_INFO = YES;
				ONLY_ACTIVE_ARCH = YES;
				SDKROOT = iphoneos;
				SWIFT_ACTIVE_COMPILATION_CONDITIONS = DEBUG;
				SWIFT_OPTIMIZATION_LEVEL = "-Onone";
			};
			name = Debug;
		};
		4FA8158E1F131FCC00716B85 /* Release */ = {
			isa = XCBuildConfiguration;
			buildSettings = {
				ALWAYS_SEARCH_USER_PATHS = NO;
				CLANG_ANALYZER_LOCALIZABILITY_NONLOCALIZED = YES;
				CLANG_ANALYZER_NONNULL = YES;
				CLANG_ANALYZER_NUMBER_OBJECT_CONVERSION = YES_AGGRESSIVE;
				CLANG_CXX_LANGUAGE_STANDARD = "gnu++0x";
				CLANG_CXX_LIBRARY = "libc++";
				CLANG_ENABLE_MODULES = YES;
				CLANG_ENABLE_OBJC_ARC = YES;
				CLANG_WARN_BLOCK_CAPTURE_AUTORELEASING = YES;
				CLANG_WARN_BOOL_CONVERSION = YES;
				CLANG_WARN_COMMA = YES;
				CLANG_WARN_CONSTANT_CONVERSION = YES;
				CLANG_WARN_DEPRECATED_OBJC_IMPLEMENTATIONS = YES;
				CLANG_WARN_DIRECT_OBJC_ISA_USAGE = YES_ERROR;
				CLANG_WARN_DOCUMENTATION_COMMENTS = YES;
				CLANG_WARN_EMPTY_BODY = YES;
				CLANG_WARN_ENUM_CONVERSION = YES;
				CLANG_WARN_INFINITE_RECURSION = YES;
				CLANG_WARN_INT_CONVERSION = YES;
				CLANG_WARN_NON_LITERAL_NULL_CONVERSION = YES;
				CLANG_WARN_OBJC_IMPLICIT_RETAIN_SELF = YES;
				CLANG_WARN_OBJC_LITERAL_CONVERSION = YES;
				CLANG_WARN_OBJC_ROOT_CLASS = YES_ERROR;
				CLANG_WARN_RANGE_LOOP_ANALYSIS = YES;
				CLANG_WARN_STRICT_PROTOTYPES = YES;
				CLANG_WARN_SUSPICIOUS_MOVE = YES;
				CLANG_WARN_UNREACHABLE_CODE = YES;
				CLANG_WARN__DUPLICATE_METHOD_MATCH = YES;
				"CODE_SIGN_IDENTITY[sdk=iphoneos*]" = "iPhone Developer";
				COPY_PHASE_STRIP = NO;
				DEBUG_INFORMATION_FORMAT = "dwarf-with-dsym";
				ENABLE_NS_ASSERTIONS = NO;
				ENABLE_STRICT_OBJC_MSGSEND = YES;
				GCC_C_LANGUAGE_STANDARD = gnu99;
				GCC_NO_COMMON_BLOCKS = YES;
				GCC_WARN_64_TO_32_BIT_CONVERSION = YES;
				GCC_WARN_ABOUT_RETURN_TYPE = YES_ERROR;
				GCC_WARN_UNDECLARED_SELECTOR = YES;
				GCC_WARN_UNINITIALIZED_AUTOS = YES_AGGRESSIVE;
				GCC_WARN_UNUSED_FUNCTION = YES;
				GCC_WARN_UNUSED_VARIABLE = YES;
				IPHONEOS_DEPLOYMENT_TARGET = 10.3;
				MTL_ENABLE_DEBUG_INFO = NO;
				SDKROOT = iphoneos;
				SWIFT_OPTIMIZATION_LEVEL = "-Owholemodule";
				VALIDATE_PRODUCT = YES;
			};
			name = Release;
		};
		4FA815901F131FCC00716B85 /* Debug */ = {
			isa = XCBuildConfiguration;
			baseConfigurationReference = A22D0C77BA88AB94950A3789 /* Pods-LJToolDemo.debug.xcconfig */;
			buildSettings = {
				ALWAYS_EMBED_SWIFT_STANDARD_LIBRARIES = YES;
				ASSETCATALOG_COMPILER_APPICON_NAME = AppIcon;
				DEVELOPMENT_TEAM = 5375HS528S;
				INFOPLIST_FILE = LJToolDemo/Info.plist;
				IPHONEOS_DEPLOYMENT_TARGET = 8.0;
				LD_RUNPATH_SEARCH_PATHS = "$(inherited) @executable_path/Frameworks";
				PRODUCT_BUNDLE_IDENTIFIER = com.ljcoder.LJToolDemo;
				PRODUCT_NAME = "$(TARGET_NAME)";
				SWIFT_VERSION = 5.0;
			};
			name = Debug;
		};
		4FA815911F131FCC00716B85 /* Release */ = {
			isa = XCBuildConfiguration;
			baseConfigurationReference = 7D7EF42B0260A9EA2C42125F /* Pods-LJToolDemo.release.xcconfig */;
			buildSettings = {
				ALWAYS_EMBED_SWIFT_STANDARD_LIBRARIES = YES;
				ASSETCATALOG_COMPILER_APPICON_NAME = AppIcon;
				DEVELOPMENT_TEAM = 5375HS528S;
				INFOPLIST_FILE = LJToolDemo/Info.plist;
				IPHONEOS_DEPLOYMENT_TARGET = 8.0;
				LD_RUNPATH_SEARCH_PATHS = "$(inherited) @executable_path/Frameworks";
				PRODUCT_BUNDLE_IDENTIFIER = com.ljcoder.LJToolDemo;
				PRODUCT_NAME = "$(TARGET_NAME)";
				SWIFT_VERSION = 5.0;
			};
			name = Release;
		};
		4FA815931F131FCC00716B85 /* Debug */ = {
			isa = XCBuildConfiguration;
			baseConfigurationReference = CD6878D89109004B9321B581 /* Pods-LJToolDemoTests.debug.xcconfig */;
			buildSettings = {
				ALWAYS_EMBED_SWIFT_STANDARD_LIBRARIES = YES;
				BUNDLE_LOADER = "$(TEST_HOST)";
				DEVELOPMENT_TEAM = 5375HS528S;
				INFOPLIST_FILE = LJToolDemoTests/Info.plist;
				LD_RUNPATH_SEARCH_PATHS = "$(inherited) @executable_path/Frameworks @loader_path/Frameworks";
				PRODUCT_BUNDLE_IDENTIFIER = com.ljcoder.LJToolDemoTests;
				PRODUCT_NAME = "$(TARGET_NAME)";
				SWIFT_VERSION = 5.0;
				TEST_HOST = "$(BUILT_PRODUCTS_DIR)/LJToolDemo.app/LJToolDemo";
			};
			name = Debug;
		};
		4FA815941F131FCC00716B85 /* Release */ = {
			isa = XCBuildConfiguration;
			baseConfigurationReference = 87CB6F50A498E99310CA9D17 /* Pods-LJToolDemoTests.release.xcconfig */;
			buildSettings = {
				ALWAYS_EMBED_SWIFT_STANDARD_LIBRARIES = YES;
				BUNDLE_LOADER = "$(TEST_HOST)";
				DEVELOPMENT_TEAM = 5375HS528S;
				INFOPLIST_FILE = LJToolDemoTests/Info.plist;
				LD_RUNPATH_SEARCH_PATHS = "$(inherited) @executable_path/Frameworks @loader_path/Frameworks";
				PRODUCT_BUNDLE_IDENTIFIER = com.ljcoder.LJToolDemoTests;
				PRODUCT_NAME = "$(TARGET_NAME)";
				SWIFT_VERSION = 5.0;
				TEST_HOST = "$(BUILT_PRODUCTS_DIR)/LJToolDemo.app/LJToolDemo";
			};
			name = Release;
		};
		4FA815961F131FCC00716B85 /* Debug */ = {
			isa = XCBuildConfiguration;
			baseConfigurationReference = 9C47AF1310840CCEBED88528 /* Pods-LJToolDemoUITests.debug.xcconfig */;
			buildSettings = {
				ALWAYS_EMBED_SWIFT_STANDARD_LIBRARIES = YES;
				DEVELOPMENT_TEAM = 5375HS528S;
				INFOPLIST_FILE = LJToolDemoUITests/Info.plist;
				LD_RUNPATH_SEARCH_PATHS = "$(inherited) @executable_path/Frameworks @loader_path/Frameworks";
				PRODUCT_BUNDLE_IDENTIFIER = com.ljcoder.LJToolDemoUITests;
				PRODUCT_NAME = "$(TARGET_NAME)";
				SWIFT_VERSION = 5.0;
				TEST_TARGET_NAME = LJToolDemo;
			};
			name = Debug;
		};
		4FA815971F131FCC00716B85 /* Release */ = {
			isa = XCBuildConfiguration;
			baseConfigurationReference = 7E0F089F0E7D9D53C1850DAB /* Pods-LJToolDemoUITests.release.xcconfig */;
			buildSettings = {
				ALWAYS_EMBED_SWIFT_STANDARD_LIBRARIES = YES;
				DEVELOPMENT_TEAM = 5375HS528S;
				INFOPLIST_FILE = LJToolDemoUITests/Info.plist;
				LD_RUNPATH_SEARCH_PATHS = "$(inherited) @executable_path/Frameworks @loader_path/Frameworks";
				PRODUCT_BUNDLE_IDENTIFIER = com.ljcoder.LJToolDemoUITests;
				PRODUCT_NAME = "$(TARGET_NAME)";
				SWIFT_VERSION = 5.0;
				TEST_TARGET_NAME = LJToolDemo;
			};
			name = Release;
		};
/* End XCBuildConfiguration section */

/* Begin XCConfigurationList section */
		4FA815621F131FCB00716B85 /* Build configuration list for PBXProject "LJToolDemo" */ = {
			isa = XCConfigurationList;
			buildConfigurations = (
				4FA8158D1F131FCC00716B85 /* Debug */,
				4FA8158E1F131FCC00716B85 /* Release */,
			);
			defaultConfigurationIsVisible = 0;
			defaultConfigurationName = Release;
		};
		4FA8158F1F131FCC00716B85 /* Build configuration list for PBXNativeTarget "LJToolDemo" */ = {
			isa = XCConfigurationList;
			buildConfigurations = (
				4FA815901F131FCC00716B85 /* Debug */,
				4FA815911F131FCC00716B85 /* Release */,
			);
			defaultConfigurationIsVisible = 0;
			defaultConfigurationName = Release;
		};
		4FA815921F131FCC00716B85 /* Build configuration list for PBXNativeTarget "LJToolDemoTests" */ = {
			isa = XCConfigurationList;
			buildConfigurations = (
				4FA815931F131FCC00716B85 /* Debug */,
				4FA815941F131FCC00716B85 /* Release */,
			);
			defaultConfigurationIsVisible = 0;
			defaultConfigurationName = Release;
		};
		4FA815951F131FCC00716B85 /* Build configuration list for PBXNativeTarget "LJToolDemoUITests" */ = {
			isa = XCConfigurationList;
			buildConfigurations = (
				4FA815961F131FCC00716B85 /* Debug */,
				4FA815971F131FCC00716B85 /* Release */,
			);
			defaultConfigurationIsVisible = 0;
			defaultConfigurationName = Release;
		};
/* End XCConfigurationList section */
	};
	rootObject = 4FA8155F1F131FCB00716B85 /* Project object */;
}
